
Microsoft Visual Studio Solution File, Format Version 12.00
# Visual Studio Version 16
VisualStudioVersion = 16.0.29806.167
MinimumVisualStudioVersion = 10.0.40219.1
Project("{8BC9CEB8-8B4A-11D0-8D11-00A0C91BC942}") = "RayTracingInWeekend", "RayTracingInWeekend.vcxproj", "{00F13954-39B6-4C3F-9BE0-9339936E3C58}"
EndProject
Global
	GlobalSection(SolutionConfigurationPlatforms) = preSolution
		Debug|x64 = Debug|x64
		Debug|x86 = Debug|x86
		Release|x64 = Release|x64
		Release|x86 = Release|x86
	EndGlobalSection
	GlobalSection(ProjectConfigurationPlatforms) = postSolution
		{00F13954-39B6-4C3F-9BE0-9339936E3C58}.Debug|x64.ActiveCfg = Debug|x64
		{00F13954-39B6-4C3F-9BE0-9339936E3C58}.Debug|x64.Build.0 = Debug|x64
		{00F13954-39B6-4C3F-9BE0-9339936E3C58}.Debug|x86.ActiveCfg = Debug|Win32
		{00F13954-39B6-4C3F-9BE0-9339936E3C58}.Debug|x86.Build.0 = Debug|Win32
		{00F13954-39B6-4C3F-9BE0-9339936E3C58}.Release|x64.ActiveCfg = Release|x64
		{00F13954-39B6-4C3F-9BE0-9339936E3C58}.Release|x64.Build.0 = Release|x64
		{00F13954-39B6-4C3F-9BE0-9339936E3C58}.Release|x86.ActiveCfg = Release|Win32
		{00F13954-39B6-4C3F-9BE0-9339936E3C58}.Release|x86.Build.0 = Release|Win32
	EndGlobalSection
	GlobalSection(SolutionProperties) = preSolution
		HideSolutionNode = FALSE
	EndGlobalSection
	GlobalSection(ExtensibilityGlobals) = postSolution
		SolutionGuid = {9108AA74-C8BF-476D-A724-EA56CE5FF765}
	EndGlobalSection
EndGlobal
